github.com/costa92/llm-agent v0.9.0 h1:A0xpymao707gmuUdTPTvqBWV28Vf0G6lGDFhR4EEP5k=
github.com/costa92/llm-agent v0.9.0/go.mod h1:JMQn+s7OUC/+opLQosFNPhpZnxRTpiVBOXvRfIeUwAE=
github.com/costa92/llm-agent-contract v0.2.0 h1:BlpCkri13eZl1/62MLkx+SGf5vDpHBWbImu8y7miRvc=
github.com/costa92/llm-agent-contract v0.2.0/go.mod h1:8pbOX+wp/O2NCV8P6x+4bShM3n/ibsdyMiNHkolfOME=
github.com/costa92/llm-agent-memory-client v0.0.0-20260602110512-db7d0136462a h1:Vfco40vn1PtTQ/jfRthbPibMZ7C9ojyd4DtR0wjXsRk=
github.com/costa92/llm-agent-memory-client v0.0.0-20260602110512-db7d0136462a/go.mod h1:q2TUfjfi+K5t9CPA6np04fcEVHSyOmar36gGgBM0f/8=
